// !$*UTF8*$!
{
	archiveVersion = 1;
	classes = {
	};
	objectVersion = 50;
	objects = {

/* Begin PBXBuildFile section */
		0730D1632397D8490021E9F8 /* FPImageModel.swift in Sources */ = {isa = PBXBuildFile; fileRef = 0730D1622397D8490021E9F8 /* FPImageModel.swift */; };
		0730D1652398E69E0021E9F8 /* FPChooseCollectionViewController.swift in Sources */ = {isa = PBXBuildFile; fileRef = 0730D1642398E69E0021E9F8 /* FPChooseCollectionViewController.swift */; };
		0731128F238C600400593334 /* AppDelegate.swift in Sources */ = {isa = PBXBuildFile; fileRef = 0731128E238C600400593334 /* AppDelegate.swift */; };
		07311291238C600400593334 /* FPMainMenuViewController.swift in Sources */ = {isa = PBXBuildFile; fileRef = 07311290238C600400593334 /* FPMainMenuViewController.swift */; };
		07311296238C600700593334 /* Assets.xcassets in Resources */ = {isa = PBXBuildFile; fileRef = 07311295238C600700593334 /* Assets.xcassets */; };
		07311299238C600700593334 /* LaunchScreen.storyboard in Resources */ = {isa = PBXBuildFile; fileRef = 07311297238C600700593334 /* LaunchScreen.storyboard */; };
		073112A1238E904500593334 /* FPGameMenuViewController.swift in Sources */ = {isa = PBXBuildFile; fileRef = 073112A0238E904500593334 /* FPGameMenuViewController.swift */; };
		073112A3238E92A600593334 /* FPCardsCollectionViewDataSource.swift in Sources */ = {isa = PBXBuildFile; fileRef = 073112A2238E92A500593334 /* FPCardsCollectionViewDataSource.swift */; };
		073112A5238E93D700593334 /* FPCardCell.swift in Sources */ = {isa = PBXBuildFile; fileRef = 073112A4238E93D700593334 /* FPCardCell.swift */; };
		073112A7238EAEBD00593334 /* FPCardCollectionViewFlowLayout.swift in Sources */ = {isa = PBXBuildFile; fileRef = 073112A6238EAEBD00593334 /* FPCardCollectionViewFlowLayout.swift */; };
		073112A9238EC17E00593334 /* FPCardCollectionViewDelegate.swift in Sources */ = {isa = PBXBuildFile; fileRef = 073112A8238EC17E00593334 /* FPCardCollectionViewDelegate.swift */; };
		073DAC552398F2BE00E053B6 /* FPChooseCollectionDataSource.swift in Sources */ = {isa = PBXBuildFile; fileRef = 073DAC542398F2BE00E053B6 /* FPChooseCollectionDataSource.swift */; };
		073DAC572398F3D200E053B6 /* FPChooseCollectionViewCell.swift in Sources */ = {isa = PBXBuildFile; fileRef = 073DAC562398F3D200E053B6 /* FPChooseCollectionViewCell.swift */; };
		073DAC592398F99300E053B6 /* FPChooseCollectionDelegate.swift in Sources */ = {isa = PBXBuildFile; fileRef = 073DAC582398F99300E053B6 /* FPChooseCollectionDelegate.swift */; };
/* End PBXBuildFile section */

/* Begin PBXFileReference section */
		0730D1622397D8490021E9F8 /* FPImageModel.swift */ = {isa = PBXFileReference; lastKnownFileType = sourcecode.swift; path = FPImageModel.swift; sourceTree = "<group>"; };
		0730D1642398E69E0021E9F8 /* FPChooseCollectionViewController.swift */ = {isa = PBXFileReference; lastKnownFileType = sourcecode.swift; path = FPChooseCollectionViewController.swift; sourceTree = "<group>"; };
		0731128B238C600400593334 /* FinalProject.app */ = {isa = PBXFileReference; explicitFileType = wrapper.application; includeInIndex = 0; path = FinalProject.app; sourceTree = BUILT_PRODUCTS_DIR; };
		0731128E238C600400593334 /* AppDelegate.swift */ = {isa = PBXFileReference; lastKnownFileType = sourcecode.swift; path = AppDelegate.swift; sourceTree = "<group>"; };
		07311290238C600400593334 /* FPMainMenuViewController.swift */ = {isa = PBXFileReference; lastKnownFileType = sourcecode.swift; path = FPMainMenuViewController.swift; sourceTree = "<group>"; };
		07311295238C600700593334 /* Assets.xcassets */ = {isa = PBXFileReference; lastKnownFileType = folder.assetcatalog; path = Assets.xcassets; sourceTree = "<group>"; };
		07311298238C600700593334 /* Base */ = {isa = PBXFileReference; lastKnownFileType = file.storyboard; name = Base; path = Base.lproj/LaunchScreen.storyboard; sourceTree = "<group>"; };
		0731129A238C600700593334 /* Info.plist */ = {isa = PBXFileReference; lastKnownFileType = text.plist.xml; path = Info.plist; sourceTree = "<group>"; };
		073112A0238E904500593334 /* FPGameMenuViewController.swift */ = {isa = PBXFileReference; lastKnownFileType = sourcecode.swift; path = FPGameMenuViewController.swift; sourceTree = "<group>"; };
		073112A2238E92A500593334 /* FPCardsCollectionViewDataSource.swift */ = {isa = PBXFileReference; lastKnownFileType = sourcecode.swift; path = FPCardsCollectionViewDataSource.swift; sourceTree = "<group>"; };
		073112A4238E93D700593334 /* FPCardCell.swift */ = {isa = PBXFileReference; lastKnownFileType = sourcecode.swift; path = FPCardCell.swift; sourceTree = "<group>"; };
		073112A6238EAEBD00593334 /* FPCardCollectionViewFlowLayout.swift */ = {isa = PBXFileReference; lastKnownFileType = sourcecode.swift; path = FPCardCollectionViewFlowLayout.swift; sourceTree = "<group>"; };
		073112A8238EC17E00593334 /* FPCardCollectionViewDelegate.swift */ = {isa = PBXFileReference; lastKnownFileType = sourcecode.swift; path = FPCardCollectionViewDelegate.swift; sourceTree = "<group>"; };
		073DAC542398F2BE00E053B6 /* FPChooseCollectionDataSource.swift */ = {isa = PBXFileReference; lastKnownFileType = sourcecode.swift; path = FPChooseCollectionDataSource.swift; sourceTree = "<group>"; };
		073DAC562398F3D200E053B6 /* FPChooseCollectionViewCell.swift */ = {isa = PBXFileReference; lastKnownFileType = sourcecode.swift; path = FPChooseCollectionViewCell.swift; sourceTree = "<group>"; };
		073DAC582398F99300E053B6 /* FPChooseCollectionDelegate.swift */ = {isa = PBXFileReference; lastKnownFileType = sourcecode.swift; path = FPChooseCollectionDelegate.swift; sourceTree = "<group>"; };
/* End PBXFileReference section */

/* Begin PBXFrameworksBuildPhase section */
		07311288238C600400593334 /* Frameworks */ = {
			isa = PBXFrameworksBuildPhase;
			buildActionMask = 2147483647;
			files = (
			);
			runOnlyForDeploymentPostprocessing = 0;
		};
/* End PBXFrameworksBuildPhase section */

/* Begin PBXGroup section */
		07311282238C600400593334 = {
			isa = PBXGroup;
			children = (
				0731128D238C600400593334 /* FinalProject */,
				0731128C238C600400593334 /* Products */,
			);
			sourceTree = "<group>";
		};
		0731128C238C600400593334 /* Products */ = {
			isa = PBXGroup;
			children = (
				0731128B238C600400593334 /* FinalProject.app */,
			);
			name = Products;
			sourceTree = "<group>";
		};
		0731128D238C600400593334 /* FinalProject */ = {
			isa = PBXGroup;
			children = (
				0731128E238C600400593334 /* AppDelegate.swift */,
				0730D1622397D8490021E9F8 /* FPImageModel.swift */,
				07311290238C600400593334 /* FPMainMenuViewController.swift */,
				073112A0238E904500593334 /* FPGameMenuViewController.swift */,
				0730D1642398E69E0021E9F8 /* FPChooseCollectionViewController.swift */,
				073DAC582398F99300E053B6 /* FPChooseCollectionDelegate.swift */,
				073DAC542398F2BE00E053B6 /* FPChooseCollectionDataSource.swift */,
				073DAC562398F3D200E053B6 /* FPChooseCollectionViewCell.swift */,
				073112A2238E92A500593334 /* FPCardsCollectionViewDataSource.swift */,
				073112A8238EC17E00593334 /* FPCardCollectionViewDelegate.swift */,
				073112A6238EAEBD00593334 /* FPCardCollectionViewFlowLayout.swift */,
				073112A4238E93D700593334 /* FPCardCell.swift */,
				07311295238C600700593334 /* Assets.xcassets */,
				07311297238C600700593334 /* LaunchScreen.storyboard */,
				0731129A238C600700593334 /* Info.plist */,
			);
			path = FinalProject;
			sourceTree = "<group>";
		};
/* End PBXGroup section */

/* Begin PBXNativeTarget section */
		0731128A238C600400593334 /* FinalProject */ = {
			isa = PBXNativeTarget;
			buildConfigurationList = 0731129D238C600700593334 /* Build configuration list for PBXNativeTarget "FinalProject" */;
			buildPhases = (
				07311287238C600400593334 /* Sources */,
				07311288238C600400593334 /* Frameworks */,
				07311289238C600400593334 /* Resources */,
			);
			buildRules = (
			);
			dependencies = (
			);
			name = FinalProject;
			productName = FinalProject;
			productReference = 0731128B238C600400593334 /* FinalProject.app */;
			productType = "com.apple.product-type.application";
		};
/* End PBXNativeTarget section */

/* Begin PBXProject section */
		07311283238C600400593334 /* Project object */ = {
			isa = PBXProject;
			attributes = {
				LastSwiftUpdateCheck = 1030;
				LastUpgradeCheck = 1030;
				ORGANIZATIONNAME = "Лада";
				TargetAttributes = {
					0731128A238C600400593334 = {
						CreatedOnToolsVersion = 10.3;
					};
				};
			};
			buildConfigurationList = 07311286238C600400593334 /* Build configuration list for PBXProject "FinalProject" */;
			compatibilityVersion = "Xcode 9.3";
			developmentRegion = en;
			hasScannedForEncodings = 0;
			knownRegions = (
				en,
				Base,
			);
			mainGroup = 07311282238C600400593334;
			productRefGroup = 0731128C238C600400593334 /* Products */;
			projectDirPath = "";
			projectRoot = "";
			targets = (
				0731128A238C600400593334 /* FinalProject */,
			);
		};
/* End PBXProject section */

/* Begin PBXResourcesBuildPhase section */
		07311289238C600400593334 /* Resources */ = {
			isa = PBXResourcesBuildPhase;
			buildActionMask = 2147483647;
			files = (
				07311299238C600700593334 /* LaunchScreen.storyboard in Resources */,
				07311296238C600700593334 /* Assets.xcassets in Resources */,
			);
			runOnlyForDeploymentPostprocessing = 0;
		};
/* End PBXResourcesBuildPhase section */

/* Begin PBXSourcesBuildPhase section */
		07311287238C600400593334 /* Sources */ = {
			isa = PBXSourcesBuildPhase;
			buildActionMask = 2147483647;
			files = (
				073112A3238E92A600593334 /* FPCardsCollectionViewDataSource.swift in Sources */,
				073112A1238E904500593334 /* FPGameMenuViewController.swift in Sources */,
				073DAC592398F99300E053B6 /* FPChooseCollectionDelegate.swift in Sources */,
				073112A5238E93D700593334 /* FPCardCell.swift in Sources */,
				073DAC552398F2BE00E053B6 /* FPChooseCollectionDataSource.swift in Sources */,
				073DAC572398F3D200E053B6 /* FPChooseCollectionViewCell.swift in Sources */,
				07311291238C600400593334 /* FPMainMenuViewController.swift in Sources */,
				0730D1652398E69E0021E9F8 /* FPChooseCollectionViewController.swift in Sources */,
				073112A9238EC17E00593334 /* FPCardCollectionViewDelegate.swift in Sources */,
				073112A7238EAEBD00593334 /* FPCardCollectionViewFlowLayout.swift in Sources */,
				0731128F238C600400593334 /* AppDelegate.swift in Sources */,
				0730D1632397D8490021E9F8 /* FPImageModel.swift in Sources */,
			);
			runOnlyForDeploymentPostprocessing = 0;
		};
/* End PBXSourcesBuildPhase section */

/* Begin PBXVariantGroup section */
		07311297238C600700593334 /* LaunchScreen.storyboard */ = {
			isa = PBXVariantGroup;
			children = (
				07311298238C600700593334 /* Base */,
			);
			name = LaunchScreen.storyboard;
			sourceTree = "<group>";
		};
/* End PBXVariantGroup section */

/* Begin XCBuildConfiguration section */
		0731129B238C600700593334 /* Debug */ = {
			isa = XCBuildConfiguration;
			buildSettings = {
				ALWAYS_SEARCH_USER_PATHS = NO;
				CLANG_ANALYZER_NONNULL = YES;
				CLANG_ANALYZER_NUMBER_OBJECT_CONVERSION = YES_AGGRESSIVE;
				CLANG_CXX_LANGUAGE_STANDARD = "gnu++14";
				CLANG_CXX_LIBRARY = "libc++";
				CLANG_ENABLE_MODULES = YES;
				CLANG_ENABLE_OBJC_ARC = YES;
				CLANG_ENABLE_OBJC_WEAK = YES;
				CLANG_WARN_BLOCK_CAPTURE_AUTORELEASING = YES;
				CLANG_WARN_BOOL_CONVERSION = YES;
				CLANG_WARN_COMMA = YES;
				CLANG_WARN_CONSTANT_CONVERSION = YES;
				CLANG_WARN_DEPRECATED_OBJC_IMPLEMENTATIONS = YES;
				CLANG_WARN_DIRECT_OBJC_ISA_USAGE = YES_ERROR;
				CLANG_WARN_DOCUMENTATION_COMMENTS = YES;
				CLANG_WARN_EMPTY_BODY = YES;
				CLANG_WARN_ENUM_CONVERSION = YES;
				CLANG_WARN_INFINITE_RECURSION = YES;
				CLANG_WARN_INT_CONVERSION = YES;
				CLANG_WARN_NON_LITERAL_NULL_CONVERSION = YES;
				CLANG_WARN_OBJC_IMPLICIT_RETAIN_SELF = YES;
				CLANG_WARN_OBJC_LITERAL_CONVERSION = YES;
				CLANG_WARN_OBJC_ROOT_CLASS = YES_ERROR;
				CLANG_WARN_RANGE_LOOP_ANALYSIS = YES;
				CLANG_WARN_STRICT_PROTOTYPES = YES;
				CLANG_WARN_SUSPICIOUS_MOVE = YES;
				CLANG_WARN_UNGUARDED_AVAILABILITY = YES_AGGRESSIVE;
				CLANG_WARN_UNREACHABLE_CODE = YES;
				CLANG_WARN__DUPLICATE_METHOD_MATCH = YES;
				CODE_SIGN_IDENTITY = "iPhone Developer";
				COPY_PHASE_STRIP = NO;
				DEBUG_INFORMATION_FORMAT = dwarf;
				ENABLE_STRICT_OBJC_MSGSEND = YES;
				ENABLE_TESTABILITY = YES;
				GCC_C_LANGUAGE_STANDARD = gnu11;
				GCC_DYNAMIC_NO_PIC = NO;
				GCC_NO_COMMON_BLOCKS = YES;
				GCC_OPTIMIZATION_LEVEL = 0;
				GCC_PREPROCESSOR_DEFINITIONS = (
					"DEBUG=1",
					"$(inherited)",
				);
				GCC_WARN_64_TO_32_BIT_CONVERSION = YES;
				GCC_WARN_ABOUT_RETURN_TYPE = YES_ERROR;
				GCC_WARN_UNDECLARED_SELECTOR = YES;
				GCC_WARN_UNINITIALIZED_AUTOS = YES_AGGRESSIVE;
				GCC_WARN_UNUSED_FUNCTION = YES;
				GCC_WARN_UNUSED_VARIABLE = YES;
				IPHONEOS_DEPLOYMENT_TARGET = 12.4;
				MTL_ENABLE_DEBUG_INFO = INCLUDE_SOURCE;
				MTL_FAST_MATH = YES;
				ONLY_ACTIVE_ARCH = YES;
				SDKROOT = iphoneos;
				SWIFT_ACTIVE_COMPILATION_CONDITIONS = DEBUG;
				SWIFT_OPTIMIZATION_LEVEL = "-Onone";
			};
			name = Debug;
		};
		0731129C238C600700593334 /* Release */ = {
			isa = XCBuildConfiguration;
			buildSettings = {
				ALWAYS_SEARCH_USER_PATHS = NO;
				CLANG_ANALYZER_NONNULL = YES;
				CLANG_ANALYZER_NUMBER_OBJECT_CONVERSION = YES_AGGRESSIVE;
				CLANG_CXX_LANGUAGE_STANDARD = "gnu++14";
				CLANG_CXX_LIBRARY = "libc++";
				CLANG_ENABLE_MODULES = YES;
				CLANG_ENABLE_OBJC_ARC = YES;
				CLANG_ENABLE_OBJC_WEAK = YES;
				CLANG_WARN_BLOCK_CAPTURE_AUTORELEASING = YES;
				CLANG_WARN_BOOL_CONVERSION = YES;
				CLANG_WARN_COMMA = YES;
				CLANG_WARN_CONSTANT_CONVERSION = YES;
				CLANG_WARN_DEPRECATED_OBJC_IMPLEMENTATIONS = YES;
				CLANG_WARN_DIRECT_OBJC_ISA_USAGE = YES_ERROR;
				CLANG_WARN_DOCUMENTATION_COMMENTS = YES;
				CLANG_WARN_EMPTY_BODY = YES;
				CLANG_WARN_ENUM_CONVERSION = YES;
				CLANG_WARN_INFINITE_RECURSION = YES;
				CLANG_WARN_INT_CONVERSION = YES;
				CLANG_WARN_NON_LITERAL_NULL_CONVERSION = YES;
				CLANG_WARN_OBJC_IMPLICIT_RETAIN_SELF = YES;
				CLANG_WARN_OBJC_LITERAL_CONVERSION = YES;
				CLANG_WARN_OBJC_ROOT_CLASS = YES_ERROR;
				CLANG_WARN_RANGE_LOOP_ANALYSIS = YES;
				CLANG_WARN_STRICT_PROTOTYPES = YES;
				CLANG_WARN_SUSPICIOUS_MOVE = YES;
				CLANG_WARN_UNGUARDED_AVAILABILITY = YES_AGGRESSIVE;
				CLANG_WARN_UNREACHABLE_CODE = YES;
				CLANG_WARN__DUPLICATE_METHOD_MATCH = YES;
				CODE_SIGN_IDENTITY = "iPhone Developer";
				COPY_PHASE_STRIP = NO;
				DEBUG_INFORMATION_FORMAT = "dwarf-with-dsym";
				ENABLE_NS_ASSERTIONS = NO;
				ENABLE_STRICT_OBJC_MSGSEND = YES;
				GCC_C_LANGUAGE_STANDARD = gnu11;
				GCC_NO_COMMON_BLOCKS = YES;
				GCC_WARN_64_TO_32_BIT_CONVERSION = YES;
				GCC_WARN_ABOUT_RETURN_TYPE = YES_ERROR;
				GCC_WARN_UNDECLARED_SELECTOR = YES;
				GCC_WARN_UNINITIALIZED_AUTOS = YES_AGGRESSIVE;
				GCC_WARN_UNUSED_FUNCTION = YES;
				GCC_WARN_UNUSED_VARIABLE = YES;
				IPHONEOS_DEPLOYMENT_TARGET = 12.4;
				MTL_ENABLE_DEBUG_INFO = NO;
				MTL_FAST_MATH = YES;
				SDKROOT = iphoneos;
				SWIFT_COMPILATION_MODE = wholemodule;
				SWIFT_OPTIMIZATION_LEVEL = "-O";
				VALIDATE_PRODUCT = YES;
			};
			name = Release;
		};
		0731129E238C600700593334 /* Debug */ = {
			isa = XCBuildConfiguration;
			buildSettings = {
				ASSETCATALOG_COMPILER_APPICON_NAME = AppIcon;
				CODE_SIGN_STYLE = Automatic;
				DEVELOPMENT_TEAM = 6PXRX3FS7N;
				INFOPLIST_FILE = FinalProject/Info.plist;
				LD_RUNPATH_SEARCH_PATHS = (
					"$(inherited)",
					"@executable_path/Frameworks",
				);
				PRODUCT_BUNDLE_IDENTIFIER = School.FinalProject;
				PRODUCT_NAME = "$(TARGET_NAME)";
				SWIFT_VERSION = 5.0;
				TARGETED_DEVICE_FAMILY = "1,2";
			};
			name = Debug;
		};
		0731129F238C600700593334 /* Release */ = {
			isa = XCBuildConfiguration;
			buildSettings = {
				ASSETCATALOG_COMPILER_APPICON_NAME = AppIcon;
				CODE_SIGN_STYLE = Automatic;
				DEVELOPMENT_TEAM = 6PXRX3FS7N;
				INFOPLIST_FILE = FinalProject/Info.plist;
				LD_RUNPATH_SEARCH_PATHS = (
					"$(inherited)",
					"@executable_path/Frameworks",
				);
				PRODUCT_BUNDLE_IDENTIFIER = School.FinalProject;
				PRODUCT_NAME = "$(TARGET_NAME)";
				SWIFT_VERSION = 5.0;
				TARGETED_DEVICE_FAMILY = "1,2";
			};
			name = Release;
		};
/* End XCBuildConfiguration section */

/* Begin XCConfigurationList section */
		07311286238C600400593334 /* Build configuration list for PBXProject "FinalProject" */ = {
			isa = XCConfigurationList;
			buildConfigurations = (
				0731129B238C600700593334 /* Debug */,
				0731129C238C600700593334 /* Release */,
			);
			defaultConfigurationIsVisible = 0;
			defaultConfigurationName = Release;
		};
		0731129D238C600700593334 /* Build configuration list for PBXNativeTarget "FinalProject" */ = {
			isa = XCConfigurationList;
			buildConfigurations = (
				0731129E238C600700593334 /* Debug */,
				0731129F238C600700593334 /* Release */,
			);
			defaultConfigurationIsVisible = 0;
			defaultConfigurationName = Release;
		};
/* End XCConfigurationList section */
	};
	rootObject = 07311283238C600400593334 /* Project object */;
}
