// !$*UTF8*$!
{
	archiveVersion = 1;
	classes = {
	};
	objectVersion = 50;
	objects = {

/* Begin PBXBuildFile section */
		0730D1632397D8490021E9F8 /* ModelsList.swift in Sources */ = {isa = PBXBuildFile; fileRef = 0730D1622397D8490021E9F8 /* ModelsList.swift */; };
		0730D1652398E69E0021E9F8 /* ChooseCollectionViewController.swift in Sources */ = {isa = PBXBuildFile; fileRef = 0730D1642398E69E0021E9F8 /* ChooseCollectionViewController.swift */; };
		0731128F238C600400593334 /* AppDelegate.swift in Sources */ = {isa = PBXBuildFile; fileRef = 0731128E238C600400593334 /* AppDelegate.swift */; };
		07311291238C600400593334 /* MainMenuViewController.swift in Sources */ = {isa = PBXBuildFile; fileRef = 07311290238C600400593334 /* MainMenuViewController.swift */; };
		07311296238C600700593334 /* Assets.xcassets in Resources */ = {isa = PBXBuildFile; fileRef = 07311295238C600700593334 /* Assets.xcassets */; };
		07311299238C600700593334 /* LaunchScreen.storyboard in Resources */ = {isa = PBXBuildFile; fileRef = 07311297238C600700593334 /* LaunchScreen.storyboard */; };
		073112A1238E904500593334 /* GameMenuViewController.swift in Sources */ = {isa = PBXBuildFile; fileRef = 073112A0238E904500593334 /* GameMenuViewController.swift */; };
		073112A3238E92A600593334 /* CardsCollectionViewDataSource.swift in Sources */ = {isa = PBXBuildFile; fileRef = 073112A2238E92A500593334 /* CardsCollectionViewDataSource.swift */; };
		073112A5238E93D700593334 /* CardCell.swift in Sources */ = {isa = PBXBuildFile; fileRef = 073112A4238E93D700593334 /* CardCell.swift */; };
		073112A7238EAEBD00593334 /* CardCollectionViewFlowLayout.swift in Sources */ = {isa = PBXBuildFile; fileRef = 073112A6238EAEBD00593334 /* CardCollectionViewFlowLayout.swift */; };
		073112A9238EC17E00593334 /* CardCollectionViewDelegate.swift in Sources */ = {isa = PBXBuildFile; fileRef = 073112A8238EC17E00593334 /* CardCollectionViewDelegate.swift */; };
		07325082239E8733003AA4D3 /* Petterns.swift in Sources */ = {isa = PBXBuildFile; fileRef = 07325081239E8733003AA4D3 /* Petterns.swift */; };
		07325084239EA554003AA4D3 /* NetworkViewController.swift in Sources */ = {isa = PBXBuildFile; fileRef = 07325083239EA554003AA4D3 /* NetworkViewController.swift */; };
		07325086239EA5B0003AA4D3 /* Interactor.swift in Sources */ = {isa = PBXBuildFile; fileRef = 07325085239EA5B0003AA4D3 /* Interactor.swift */; };
		07325088239EA5DD003AA4D3 /* API.swift in Sources */ = {isa = PBXBuildFile; fileRef = 07325087239EA5DD003AA4D3 /* API.swift */; };
		0732508A239EA600003AA4D3 /* NetworkService.swift in Sources */ = {isa = PBXBuildFile; fileRef = 07325089239EA600003AA4D3 /* NetworkService.swift */; };
		0732508C239EA61E003AA4D3 /* SessionFactory.swift in Sources */ = {isa = PBXBuildFile; fileRef = 0732508B239EA61E003AA4D3 /* SessionFactory.swift */; };
		0732508F239EA716003AA4D3 /* TableViewCell.swift in Sources */ = {isa = PBXBuildFile; fileRef = 0732508E239EA716003AA4D3 /* TableViewCell.swift */; };
		07325091239EA790003AA4D3 /* TableDataSource.swift in Sources */ = {isa = PBXBuildFile; fileRef = 07325090239EA790003AA4D3 /* TableDataSource.swift */; };
		07325095239ED7BC003AA4D3 /* TableDelegate.swift in Sources */ = {isa = PBXBuildFile; fileRef = 07325094239ED7BC003AA4D3 /* TableDelegate.swift */; };
		0732509A23A08679003AA4D3 /* NetworkSearchBarDelegate.swift in Sources */ = {isa = PBXBuildFile; fileRef = 0732509923A08679003AA4D3 /* NetworkSearchBarDelegate.swift */; };
		073250A623A0E3B0003AA4D3 /* FinalProjectTests.swift in Sources */ = {isa = PBXBuildFile; fileRef = 073250A523A0E3B0003AA4D3 /* FinalProjectTests.swift */; };
		073250AE23A0F6EC003AA4D3 /* GameModel.swift in Sources */ = {isa = PBXBuildFile; fileRef = 073250AD23A0F6EC003AA4D3 /* GameModel.swift */; };
		0734809D239ADD3400533A4B /* CollectionHelper+CoreDataClass.swift in Sources */ = {isa = PBXBuildFile; fileRef = 0734809B239ADD3400533A4B /* CollectionHelper+CoreDataClass.swift */; };
		0734809E239ADD3400533A4B /* CollectionHelper+CoreDataProperties.swift in Sources */ = {isa = PBXBuildFile; fileRef = 0734809C239ADD3400533A4B /* CollectionHelper+CoreDataProperties.swift */; };
		073DAC552398F2BE00E053B6 /* ChooseCollectionDataSource.swift in Sources */ = {isa = PBXBuildFile; fileRef = 073DAC542398F2BE00E053B6 /* ChooseCollectionDataSource.swift */; };
		073DAC572398F3D200E053B6 /* ChooseCollectionViewCell.swift in Sources */ = {isa = PBXBuildFile; fileRef = 073DAC562398F3D200E053B6 /* ChooseCollectionViewCell.swift */; };
		073DAC592398F99300E053B6 /* ChooseCollectionDelegate.swift in Sources */ = {isa = PBXBuildFile; fileRef = 073DAC582398F99300E053B6 /* ChooseCollectionDelegate.swift */; };
		073DAC5D239A3CF300E053B6 /* AddCollectionVIewController.swift in Sources */ = {isa = PBXBuildFile; fileRef = 073DAC5C239A3CF300E053B6 /* AddCollectionVIewController.swift */; };
		073DAC5F239A5B6000E053B6 /* AddCardDataSource.swift in Sources */ = {isa = PBXBuildFile; fileRef = 073DAC5E239A5B6000E053B6 /* AddCardDataSource.swift */; };
		073DAC63239A82A600E053B6 /* CoreDataManagerController.swift in Sources */ = {isa = PBXBuildFile; fileRef = 073DAC62239A82A600E053B6 /* CoreDataManagerController.swift */; };
		073DAC66239A869A00E053B6 /* CardCollection.xcdatamodeld in Sources */ = {isa = PBXBuildFile; fileRef = 073DAC64239A869A00E053B6 /* CardCollection.xcdatamodeld */; };
		073DAC69239A8C7800E053B6 /* ImageStructure+CoreDataClass.swift in Sources */ = {isa = PBXBuildFile; fileRef = 073DAC67239A8C7800E053B6 /* ImageStructure+CoreDataClass.swift */; };
		073DAC6A239A8C7800E053B6 /* ImageStructure+CoreDataProperties.swift in Sources */ = {isa = PBXBuildFile; fileRef = 073DAC68239A8C7800E053B6 /* ImageStructure+CoreDataProperties.swift */; };
		073DAC6F239ACDF400E053B6 /* CollectionNames.xcdatamodeld in Sources */ = {isa = PBXBuildFile; fileRef = 073DAC6D239ACDF400E053B6 /* CollectionNames.xcdatamodeld */; };
		073DAC75239ACEDE00E053B6 /* CoreDataNamesController.swift in Sources */ = {isa = PBXBuildFile; fileRef = 073DAC74239ACEDE00E053B6 /* CoreDataNamesController.swift */; };
/* End PBXBuildFile section */

/* Begin PBXContainerItemProxy section */
		073250A823A0E3B0003AA4D3 /* PBXContainerItemProxy */ = {
			isa = PBXContainerItemProxy;
			containerPortal = 07311283238C600400593334 /* Project object */;
			proxyType = 1;
			remoteGlobalIDString = 0731128A238C600400593334;
			remoteInfo = FinalProject;
		};
/* End PBXContainerItemProxy section */

/* Begin PBXFileReference section */
		0730D1622397D8490021E9F8 /* ModelsList.swift */ = {isa = PBXFileReference; lastKnownFileType = sourcecode.swift; path = ModelsList.swift; sourceTree = "<group>"; };
		0730D1642398E69E0021E9F8 /* ChooseCollectionViewController.swift */ = {isa = PBXFileReference; lastKnownFileType = sourcecode.swift; path = ChooseCollectionViewController.swift; sourceTree = "<group>"; };
		0731128B238C600400593334 /* FinalProject.app */ = {isa = PBXFileReference; explicitFileType = wrapper.application; includeInIndex = 0; path = FinalProject.app; sourceTree = BUILT_PRODUCTS_DIR; };
		0731128E238C600400593334 /* AppDelegate.swift */ = {isa = PBXFileReference; lastKnownFileType = sourcecode.swift; path = AppDelegate.swift; sourceTree = "<group>"; };
		07311290238C600400593334 /* MainMenuViewController.swift */ = {isa = PBXFileReference; lastKnownFileType = sourcecode.swift; path = MainMenuViewController.swift; sourceTree = "<group>"; };
		07311295238C600700593334 /* Assets.xcassets */ = {isa = PBXFileReference; lastKnownFileType = folder.assetcatalog; path = Assets.xcassets; sourceTree = "<group>"; };
		07311298238C600700593334 /* Base */ = {isa = PBXFileReference; lastKnownFileType = file.storyboard; name = Base; path = Base.lproj/LaunchScreen.storyboard; sourceTree = "<group>"; };
		0731129A238C600700593334 /* Info.plist */ = {isa = PBXFileReference; lastKnownFileType = text.plist.xml; path = Info.plist; sourceTree = "<group>"; };
		073112A0238E904500593334 /* GameMenuViewController.swift */ = {isa = PBXFileReference; lastKnownFileType = sourcecode.swift; path = GameMenuViewController.swift; sourceTree = "<group>"; };
		073112A2238E92A500593334 /* CardsCollectionViewDataSource.swift */ = {isa = PBXFileReference; lastKnownFileType = sourcecode.swift; path = CardsCollectionViewDataSource.swift; sourceTree = "<group>"; };
		073112A4238E93D700593334 /* CardCell.swift */ = {isa = PBXFileReference; lastKnownFileType = sourcecode.swift; path = CardCell.swift; sourceTree = "<group>"; };
		073112A6238EAEBD00593334 /* CardCollectionViewFlowLayout.swift */ = {isa = PBXFileReference; lastKnownFileType = sourcecode.swift; path = CardCollectionViewFlowLayout.swift; sourceTree = "<group>"; };
		073112A8238EC17E00593334 /* CardCollectionViewDelegate.swift */ = {isa = PBXFileReference; lastKnownFileType = sourcecode.swift; path = CardCollectionViewDelegate.swift; sourceTree = "<group>"; };
		07325081239E8733003AA4D3 /* Petterns.swift */ = {isa = PBXFileReference; lastKnownFileType = sourcecode.swift; path = Petterns.swift; sourceTree = "<group>"; };
		07325083239EA554003AA4D3 /* NetworkViewController.swift */ = {isa = PBXFileReference; lastKnownFileType = sourcecode.swift; path = NetworkViewController.swift; sourceTree = "<group>"; };
		07325085239EA5B0003AA4D3 /* Interactor.swift */ = {isa = PBXFileReference; lastKnownFileType = sourcecode.swift; path = Interactor.swift; sourceTree = "<group>"; };
		07325087239EA5DD003AA4D3 /* API.swift */ = {isa = PBXFileReference; lastKnownFileType = sourcecode.swift; path = API.swift; sourceTree = "<group>"; };
		07325089239EA600003AA4D3 /* NetworkService.swift */ = {isa = PBXFileReference; lastKnownFileType = sourcecode.swift; path = NetworkService.swift; sourceTree = "<group>"; };
		0732508B239EA61E003AA4D3 /* SessionFactory.swift */ = {isa = PBXFileReference; lastKnownFileType = sourcecode.swift; path = SessionFactory.swift; sourceTree = "<group>"; };
		0732508E239EA716003AA4D3 /* TableViewCell.swift */ = {isa = PBXFileReference; lastKnownFileType = sourcecode.swift; path = TableViewCell.swift; sourceTree = "<group>"; };
		07325090239EA790003AA4D3 /* TableDataSource.swift */ = {isa = PBXFileReference; lastKnownFileType = sourcecode.swift; path = TableDataSource.swift; sourceTree = "<group>"; };
		07325094239ED7BC003AA4D3 /* TableDelegate.swift */ = {isa = PBXFileReference; lastKnownFileType = sourcecode.swift; path = TableDelegate.swift; sourceTree = "<group>"; };
		0732509923A08679003AA4D3 /* NetworkSearchBarDelegate.swift */ = {isa = PBXFileReference; lastKnownFileType = sourcecode.swift; path = NetworkSearchBarDelegate.swift; sourceTree = "<group>"; };
		073250A323A0E3AF003AA4D3 /* FinalProjectTests.xctest */ = {isa = PBXFileReference; explicitFileType = wrapper.cfbundle; includeInIndex = 0; path = FinalProjectTests.xctest; sourceTree = BUILT_PRODUCTS_DIR; };
		073250A523A0E3B0003AA4D3 /* FinalProjectTests.swift */ = {isa = PBXFileReference; lastKnownFileType = sourcecode.swift; path = FinalProjectTests.swift; sourceTree = "<group>"; };
		073250A723A0E3B0003AA4D3 /* Info.plist */ = {isa = PBXFileReference; lastKnownFileType = text.plist.xml; path = Info.plist; sourceTree = "<group>"; };
		073250AD23A0F6EC003AA4D3 /* GameModel.swift */ = {isa = PBXFileReference; lastKnownFileType = sourcecode.swift; path = GameModel.swift; sourceTree = "<group>"; };
		0734809B239ADD3400533A4B /* CollectionHelper+CoreDataClass.swift */ = {isa = PBXFileReference; lastKnownFileType = sourcecode.swift; path = "CollectionHelper+CoreDataClass.swift"; sourceTree = "<group>"; };
		0734809C239ADD3400533A4B /* CollectionHelper+CoreDataProperties.swift */ = {isa = PBXFileReference; lastKnownFileType = sourcecode.swift; path = "CollectionHelper+CoreDataProperties.swift"; sourceTree = "<group>"; };
		073DAC542398F2BE00E053B6 /* ChooseCollectionDataSource.swift */ = {isa = PBXFileReference; lastKnownFileType = sourcecode.swift; path = ChooseCollectionDataSource.swift; sourceTree = "<group>"; };
		073DAC562398F3D200E053B6 /* ChooseCollectionViewCell.swift */ = {isa = PBXFileReference; lastKnownFileType = sourcecode.swift; path = ChooseCollectionViewCell.swift; sourceTree = "<group>"; };
		073DAC582398F99300E053B6 /* ChooseCollectionDelegate.swift */ = {isa = PBXFileReference; lastKnownFileType = sourcecode.swift; path = ChooseCollectionDelegate.swift; sourceTree = "<group>"; };
		073DAC5C239A3CF300E053B6 /* AddCollectionVIewController.swift */ = {isa = PBXFileReference; lastKnownFileType = sourcecode.swift; path = AddCollectionVIewController.swift; sourceTree = "<group>"; };
		073DAC5E239A5B6000E053B6 /* AddCardDataSource.swift */ = {isa = PBXFileReference; lastKnownFileType = sourcecode.swift; path = AddCardDataSource.swift; sourceTree = "<group>"; };
		073DAC62239A82A600E053B6 /* CoreDataManagerController.swift */ = {isa = PBXFileReference; lastKnownFileType = sourcecode.swift; path = CoreDataManagerController.swift; sourceTree = "<group>"; };
		073DAC65239A869A00E053B6 /* FPCardCollection.xcdatamodel */ = {isa = PBXFileReference; lastKnownFileType = wrapper.xcdatamodel; path = FPCardCollection.xcdatamodel; sourceTree = "<group>"; };
		073DAC67239A8C7800E053B6 /* ImageStructure+CoreDataClass.swift */ = {isa = PBXFileReference; lastKnownFileType = sourcecode.swift; path = "ImageStructure+CoreDataClass.swift"; sourceTree = "<group>"; };
		073DAC68239A8C7800E053B6 /* ImageStructure+CoreDataProperties.swift */ = {isa = PBXFileReference; lastKnownFileType = sourcecode.swift; path = "ImageStructure+CoreDataProperties.swift"; sourceTree = "<group>"; };
		073DAC6E239ACDF400E053B6 /* FPCollectionNames.xcdatamodel */ = {isa = PBXFileReference; lastKnownFileType = wrapper.xcdatamodel; path = FPCollectionNames.xcdatamodel; sourceTree = "<group>"; };
		073DAC74239ACEDE00E053B6 /* CoreDataNamesController.swift */ = {isa = PBXFileReference; lastKnownFileType = sourcecode.swift; path = CoreDataNamesController.swift; sourceTree = "<group>"; };
/* End PBXFileReference section */

/* Begin PBXFrameworksBuildPhase section */
		07311288238C600400593334 /* Frameworks */ = {
			isa = PBXFrameworksBuildPhase;
			buildActionMask = 2147483647;
			files = (
			);
			runOnlyForDeploymentPostprocessing = 0;
		};
		073250A023A0E3AF003AA4D3 /* Frameworks */ = {
			isa = PBXFrameworksBuildPhase;
			buildActionMask = 2147483647;
			files = (
			);
			runOnlyForDeploymentPostprocessing = 0;
		};
/* End PBXFrameworksBuildPhase section */

/* Begin PBXGroup section */
		07311282238C600400593334 = {
			isa = PBXGroup;
			children = (
				0734809B239ADD3400533A4B /* CollectionHelper+CoreDataClass.swift */,
				0734809C239ADD3400533A4B /* CollectionHelper+CoreDataProperties.swift */,
				073DAC67239A8C7800E053B6 /* ImageStructure+CoreDataClass.swift */,
				073DAC68239A8C7800E053B6 /* ImageStructure+CoreDataProperties.swift */,
				0731128D238C600400593334 /* FinalProject */,
				073250A423A0E3B0003AA4D3 /* FinalProjectTests */,
				0731128C238C600400593334 /* Products */,
			);
			sourceTree = "<group>";
		};
		0731128C238C600400593334 /* Products */ = {
			isa = PBXGroup;
			children = (
				0731128B238C600400593334 /* FinalProject.app */,
				073250A323A0E3AF003AA4D3 /* FinalProjectTests.xctest */,
			);
			name = Products;
			sourceTree = "<group>";
		};
		0731128D238C600400593334 /* FinalProject */ = {
			isa = PBXGroup;
			children = (
				073DAC62239A82A600E053B6 /* CoreDataManagerController.swift */,
				07325081239E8733003AA4D3 /* Petterns.swift */,
				073DAC74239ACEDE00E053B6 /* CoreDataNamesController.swift */,
				0731128E238C600400593334 /* AppDelegate.swift */,
				07311290238C600400593334 /* MainMenuViewController.swift */,
				0730D1642398E69E0021E9F8 /* ChooseCollectionViewController.swift */,
				073DAC5C239A3CF300E053B6 /* AddCollectionVIewController.swift */,
				073DAC5E239A5B6000E053B6 /* AddCardDataSource.swift */,
				073250AD23A0F6EC003AA4D3 /* GameModel.swift */,
				0730D1622397D8490021E9F8 /* ModelsList.swift */,
				0732508D239EA631003AA4D3 /* Network */,
				073112A0238E904500593334 /* GameMenuViewController.swift */,
				073DAC562398F3D200E053B6 /* ChooseCollectionViewCell.swift */,
				073112A4238E93D700593334 /* CardCell.swift */,
				073DAC542398F2BE00E053B6 /* ChooseCollectionDataSource.swift */,
				073112A2238E92A500593334 /* CardsCollectionViewDataSource.swift */,
				073DAC582398F99300E053B6 /* ChooseCollectionDelegate.swift */,
				073112A8238EC17E00593334 /* CardCollectionViewDelegate.swift */,
				073112A6238EAEBD00593334 /* CardCollectionViewFlowLayout.swift */,
				07311295238C600700593334 /* Assets.xcassets */,
				07311297238C600700593334 /* LaunchScreen.storyboard */,
				0731129A238C600700593334 /* Info.plist */,
				073DAC64239A869A00E053B6 /* CardCollection.xcdatamodeld */,
				073DAC6D239ACDF400E053B6 /* CollectionNames.xcdatamodeld */,
			);
			path = FinalProject;
			sourceTree = "<group>";
		};
		0732508D239EA631003AA4D3 /* Network */ = {
			isa = PBXGroup;
			children = (
				07325083239EA554003AA4D3 /* NetworkViewController.swift */,
				0732509923A08679003AA4D3 /* NetworkSearchBarDelegate.swift */,
				07325090239EA790003AA4D3 /* TableDataSource.swift */,
				07325094239ED7BC003AA4D3 /* TableDelegate.swift */,
				0732508E239EA716003AA4D3 /* TableViewCell.swift */,
				07325085239EA5B0003AA4D3 /* Interactor.swift */,
				07325089239EA600003AA4D3 /* NetworkService.swift */,
				07325087239EA5DD003AA4D3 /* API.swift */,
				0732508B239EA61E003AA4D3 /* SessionFactory.swift */,
			);
			path = Network;
			sourceTree = "<group>";
		};
		073250A423A0E3B0003AA4D3 /* FinalProjectTests */ = {
			isa = PBXGroup;
			children = (
				073250A523A0E3B0003AA4D3 /* FinalProjectTests.swift */,
				073250A723A0E3B0003AA4D3 /* Info.plist */,
			);
			path = FinalProjectTests;
			sourceTree = "<group>";
		};
/* End PBXGroup section */

/* Begin PBXNativeTarget section */
		0731128A238C600400593334 /* FinalProject */ = {
			isa = PBXNativeTarget;
			buildConfigurationList = 0731129D238C600700593334 /* Build configuration list for PBXNativeTarget "FinalProject" */;
			buildPhases = (
				07311287238C600400593334 /* Sources */,
				07311288238C600400593334 /* Frameworks */,
				07311289238C600400593334 /* Resources */,
			);
			buildRules = (
			);
			dependencies = (
			);
			name = FinalProject;
			productName = FinalProject;
			productReference = 0731128B238C600400593334 /* FinalProject.app */;
			productType = "com.apple.product-type.application";
		};
		073250A223A0E3AF003AA4D3 /* FinalProjectTests */ = {
			isa = PBXNativeTarget;
			buildConfigurationList = 073250AA23A0E3B0003AA4D3 /* Build configuration list for PBXNativeTarget "FinalProjectTests" */;
			buildPhases = (
				0732509F23A0E3AF003AA4D3 /* Sources */,
				073250A023A0E3AF003AA4D3 /* Frameworks */,
				073250A123A0E3AF003AA4D3 /* Resources */,
			);
			buildRules = (
			);
			dependencies = (
				073250A923A0E3B0003AA4D3 /* PBXTargetDependency */,
			);
			name = FinalProjectTests;
			productName = FinalProjectTests;
			productReference = 073250A323A0E3AF003AA4D3 /* FinalProjectTests.xctest */;
			productType = "com.apple.product-type.bundle.unit-test";
		};
/* End PBXNativeTarget section */

/* Begin PBXProject section */
		07311283238C600400593334 /* Project object */ = {
			isa = PBXProject;
			attributes = {
				LastSwiftUpdateCheck = 1030;
				LastUpgradeCheck = 1030;
				ORGANIZATIONNAME = "Лада";
				TargetAttributes = {
					0731128A238C600400593334 = {
						CreatedOnToolsVersion = 10.3;
					};
					073250A223A0E3AF003AA4D3 = {
						CreatedOnToolsVersion = 10.3;
					};
				};
			};
			buildConfigurationList = 07311286238C600400593334 /* Build configuration list for PBXProject "FinalProject" */;
			compatibilityVersion = "Xcode 9.3";
			developmentRegion = en;
			hasScannedForEncodings = 0;
			knownRegions = (
				en,
				Base,
			);
			mainGroup = 07311282238C600400593334;
			productRefGroup = 0731128C238C600400593334 /* Products */;
			projectDirPath = "";
			projectRoot = "";
			targets = (
				0731128A238C600400593334 /* FinalProject */,
				073250A223A0E3AF003AA4D3 /* FinalProjectTests */,
			);
		};
/* End PBXProject section */

/* Begin PBXResourcesBuildPhase section */
		07311289238C600400593334 /* Resources */ = {
			isa = PBXResourcesBuildPhase;
			buildActionMask = 2147483647;
			files = (
				07311299238C600700593334 /* LaunchScreen.storyboard in Resources */,
				07311296238C600700593334 /* Assets.xcassets in Resources */,
			);
			runOnlyForDeploymentPostprocessing = 0;
		};
		073250A123A0E3AF003AA4D3 /* Resources */ = {
			isa = PBXResourcesBuildPhase;
			buildActionMask = 2147483647;
			files = (
			);
			runOnlyForDeploymentPostprocessing = 0;
		};
/* End PBXResourcesBuildPhase section */

/* Begin PBXSourcesBuildPhase section */
		07311287238C600400593334 /* Sources */ = {
			isa = PBXSourcesBuildPhase;
			buildActionMask = 2147483647;
			files = (
				073112A3238E92A600593334 /* CardsCollectionViewDataSource.swift in Sources */,
				073DAC66239A869A00E053B6 /* CardCollection.xcdatamodeld in Sources */,
				07325086239EA5B0003AA4D3 /* Interactor.swift in Sources */,
				073112A1238E904500593334 /* GameMenuViewController.swift in Sources */,
				073DAC592398F99300E053B6 /* ChooseCollectionDelegate.swift in Sources */,
				073112A5238E93D700593334 /* CardCell.swift in Sources */,
				073DAC6A239A8C7800E053B6 /* ImageStructure+CoreDataProperties.swift in Sources */,
				07325091239EA790003AA4D3 /* TableDataSource.swift in Sources */,
				073DAC63239A82A600E053B6 /* CoreDataManagerController.swift in Sources */,
				0732509A23A08679003AA4D3 /* NetworkSearchBarDelegate.swift in Sources */,
				07325088239EA5DD003AA4D3 /* API.swift in Sources */,
				0732508F239EA716003AA4D3 /* TableViewCell.swift in Sources */,
				073DAC552398F2BE00E053B6 /* ChooseCollectionDataSource.swift in Sources */,
				073DAC572398F3D200E053B6 /* ChooseCollectionViewCell.swift in Sources */,
				07311291238C600400593334 /* MainMenuViewController.swift in Sources */,
				0734809E239ADD3400533A4B /* CollectionHelper+CoreDataProperties.swift in Sources */,
				0732508A239EA600003AA4D3 /* NetworkService.swift in Sources */,
				0730D1652398E69E0021E9F8 /* ChooseCollectionViewController.swift in Sources */,
				07325095239ED7BC003AA4D3 /* TableDelegate.swift in Sources */,
				073DAC5F239A5B6000E053B6 /* AddCardDataSource.swift in Sources */,
				073DAC5D239A3CF300E053B6 /* AddCollectionVIewController.swift in Sources */,
				07325084239EA554003AA4D3 /* NetworkViewController.swift in Sources */,
				073DAC75239ACEDE00E053B6 /* CoreDataNamesController.swift in Sources */,
				0732508C239EA61E003AA4D3 /* SessionFactory.swift in Sources */,
				073112A9238EC17E00593334 /* CardCollectionViewDelegate.swift in Sources */,
				073112A7238EAEBD00593334 /* CardCollectionViewFlowLayout.swift in Sources */,
				073250AE23A0F6EC003AA4D3 /* GameModel.swift in Sources */,
				073DAC69239A8C7800E053B6 /* ImageStructure+CoreDataClass.swift in Sources */,
				0734809D239ADD3400533A4B /* CollectionHelper+CoreDataClass.swift in Sources */,
				07325082239E8733003AA4D3 /* Petterns.swift in Sources */,
				073DAC6F239ACDF400E053B6 /* CollectionNames.xcdatamodeld in Sources */,
				0731128F238C600400593334 /* AppDelegate.swift in Sources */,
				0730D1632397D8490021E9F8 /* ModelsList.swift in Sources */,
			);
			runOnlyForDeploymentPostprocessing = 0;
		};
		0732509F23A0E3AF003AA4D3 /* Sources */ = {
			isa = PBXSourcesBuildPhase;
			buildActionMask = 2147483647;
			files = (
				073250A623A0E3B0003AA4D3 /* FinalProjectTests.swift in Sources */,
			);
			runOnlyForDeploymentPostprocessing = 0;
		};
/* End PBXSourcesBuildPhase section */

/* Begin PBXTargetDependency section */
		073250A923A0E3B0003AA4D3 /* PBXTargetDependency */ = {
			isa = PBXTargetDependency;
			target = 0731128A238C600400593334 /* FinalProject */;
			targetProxy = 073250A823A0E3B0003AA4D3 /* PBXContainerItemProxy */;
		};
/* End PBXTargetDependency section */

/* Begin PBXVariantGroup section */
		07311297238C600700593334 /* LaunchScreen.storyboard */ = {
			isa = PBXVariantGroup;
			children = (
				07311298238C600700593334 /* Base */,
			);
			name = LaunchScreen.storyboard;
			sourceTree = "<group>";
		};
/* End PBXVariantGroup section */

/* Begin XCBuildConfiguration section */
		0731129B238C600700593334 /* Debug */ = {
			isa = XCBuildConfiguration;
			buildSettings = {
				ALWAYS_SEARCH_USER_PATHS = NO;
				CLANG_ANALYZER_NONNULL = YES;
				CLANG_ANALYZER_NUMBER_OBJECT_CONVERSION = YES_AGGRESSIVE;
				CLANG_CXX_LANGUAGE_STANDARD = "gnu++14";
				CLANG_CXX_LIBRARY = "libc++";
				CLANG_ENABLE_MODULES = YES;
				CLANG_ENABLE_OBJC_ARC = YES;
				CLANG_ENABLE_OBJC_WEAK = YES;
				CLANG_WARN_BLOCK_CAPTURE_AUTORELEASING = YES;
				CLANG_WARN_BOOL_CONVERSION = YES;
				CLANG_WARN_COMMA = YES;
				CLANG_WARN_CONSTANT_CONVERSION = YES;
				CLANG_WARN_DEPRECATED_OBJC_IMPLEMENTATIONS = YES;
				CLANG_WARN_DIRECT_OBJC_ISA_USAGE = YES_ERROR;
				CLANG_WARN_DOCUMENTATION_COMMENTS = YES;
				CLANG_WARN_EMPTY_BODY = YES;
				CLANG_WARN_ENUM_CONVERSION = YES;
				CLANG_WARN_INFINITE_RECURSION = YES;
				CLANG_WARN_INT_CONVERSION = YES;
				CLANG_WARN_NON_LITERAL_NULL_CONVERSION = YES;
				CLANG_WARN_OBJC_IMPLICIT_RETAIN_SELF = YES;
				CLANG_WARN_OBJC_LITERAL_CONVERSION = YES;
				CLANG_WARN_OBJC_ROOT_CLASS = YES_ERROR;
				CLANG_WARN_RANGE_LOOP_ANALYSIS = YES;
				CLANG_WARN_STRICT_PROTOTYPES = YES;
				CLANG_WARN_SUSPICIOUS_MOVE = YES;
				CLANG_WARN_UNGUARDED_AVAILABILITY = YES_AGGRESSIVE;
				CLANG_WARN_UNREACHABLE_CODE = YES;
				CLANG_WARN__DUPLICATE_METHOD_MATCH = YES;
				CODE_SIGN_IDENTITY = "iPhone Developer";
				COPY_PHASE_STRIP = NO;
				DEBUG_INFORMATION_FORMAT = dwarf;
				ENABLE_STRICT_OBJC_MSGSEND = YES;
				ENABLE_TESTABILITY = YES;
				GCC_C_LANGUAGE_STANDARD = gnu11;
				GCC_DYNAMIC_NO_PIC = NO;
				GCC_NO_COMMON_BLOCKS = YES;
				GCC_OPTIMIZATION_LEVEL = 0;
				GCC_PREPROCESSOR_DEFINITIONS = (
					"DEBUG=1",
					"$(inherited)",
				);
				GCC_WARN_64_TO_32_BIT_CONVERSION = YES;
				GCC_WARN_ABOUT_RETURN_TYPE = YES_ERROR;
				GCC_WARN_UNDECLARED_SELECTOR = YES;
				GCC_WARN_UNINITIALIZED_AUTOS = YES_AGGRESSIVE;
				GCC_WARN_UNUSED_FUNCTION = YES;
				GCC_WARN_UNUSED_VARIABLE = YES;
				IPHONEOS_DEPLOYMENT_TARGET = 12.4;
				MTL_ENABLE_DEBUG_INFO = INCLUDE_SOURCE;
				MTL_FAST_MATH = YES;
				ONLY_ACTIVE_ARCH = YES;
				SDKROOT = iphoneos;
				SWIFT_ACTIVE_COMPILATION_CONDITIONS = DEBUG;
				SWIFT_OPTIMIZATION_LEVEL = "-Onone";
			};
			name = Debug;
		};
		0731129C238C600700593334 /* Release */ = {
			isa = XCBuildConfiguration;
			buildSettings = {
				ALWAYS_SEARCH_USER_PATHS = NO;
				CLANG_ANALYZER_NONNULL = YES;
				CLANG_ANALYZER_NUMBER_OBJECT_CONVERSION = YES_AGGRESSIVE;
				CLANG_CXX_LANGUAGE_STANDARD = "gnu++14";
				CLANG_CXX_LIBRARY = "libc++";
				CLANG_ENABLE_MODULES = YES;
				CLANG_ENABLE_OBJC_ARC = YES;
				CLANG_ENABLE_OBJC_WEAK = YES;
				CLANG_WARN_BLOCK_CAPTURE_AUTORELEASING = YES;
				CLANG_WARN_BOOL_CONVERSION = YES;
				CLANG_WARN_COMMA = YES;
				CLANG_WARN_CONSTANT_CONVERSION = YES;
				CLANG_WARN_DEPRECATED_OBJC_IMPLEMENTATIONS = YES;
				CLANG_WARN_DIRECT_OBJC_ISA_USAGE = YES_ERROR;
				CLANG_WARN_DOCUMENTATION_COMMENTS = YES;
				CLANG_WARN_EMPTY_BODY = YES;
				CLANG_WARN_ENUM_CONVERSION = YES;
				CLANG_WARN_INFINITE_RECURSION = YES;
				CLANG_WARN_INT_CONVERSION = YES;
				CLANG_WARN_NON_LITERAL_NULL_CONVERSION = YES;
				CLANG_WARN_OBJC_IMPLICIT_RETAIN_SELF = YES;
				CLANG_WARN_OBJC_LITERAL_CONVERSION = YES;
				CLANG_WARN_OBJC_ROOT_CLASS = YES_ERROR;
				CLANG_WARN_RANGE_LOOP_ANALYSIS = YES;
				CLANG_WARN_STRICT_PROTOTYPES = YES;
				CLANG_WARN_SUSPICIOUS_MOVE = YES;
				CLANG_WARN_UNGUARDED_AVAILABILITY = YES_AGGRESSIVE;
				CLANG_WARN_UNREACHABLE_CODE = YES;
				CLANG_WARN__DUPLICATE_METHOD_MATCH = YES;
				CODE_SIGN_IDENTITY = "iPhone Developer";
				COPY_PHASE_STRIP = NO;
				DEBUG_INFORMATION_FORMAT = "dwarf-with-dsym";
				ENABLE_NS_ASSERTIONS = NO;
				ENABLE_STRICT_OBJC_MSGSEND = YES;
				GCC_C_LANGUAGE_STANDARD = gnu11;
				GCC_NO_COMMON_BLOCKS = YES;
				GCC_WARN_64_TO_32_BIT_CONVERSION = YES;
				GCC_WARN_ABOUT_RETURN_TYPE = YES_ERROR;
				GCC_WARN_UNDECLARED_SELECTOR = YES;
				GCC_WARN_UNINITIALIZED_AUTOS = YES_AGGRESSIVE;
				GCC_WARN_UNUSED_FUNCTION = YES;
				GCC_WARN_UNUSED_VARIABLE = YES;
				IPHONEOS_DEPLOYMENT_TARGET = 12.4;
				MTL_ENABLE_DEBUG_INFO = NO;
				MTL_FAST_MATH = YES;
				SDKROOT = iphoneos;
				SWIFT_COMPILATION_MODE = wholemodule;
				SWIFT_OPTIMIZATION_LEVEL = "-O";
				VALIDATE_PRODUCT = YES;
			};
			name = Release;
		};
		0731129E238C600700593334 /* Debug */ = {
			isa = XCBuildConfiguration;
			buildSettings = {
				ASSETCATALOG_COMPILER_APPICON_NAME = AppIcon;
				CODE_SIGN_STYLE = Automatic;
				DEVELOPMENT_TEAM = 6PXRX3FS7N;
				INFOPLIST_FILE = FinalProject/Info.plist;
				LD_RUNPATH_SEARCH_PATHS = (
					"$(inherited)",
					"@executable_path/Frameworks",
				);
				PRODUCT_BUNDLE_IDENTIFIER = School.FinalProject;
				PRODUCT_NAME = "$(TARGET_NAME)";
				SWIFT_VERSION = 5.0;
				TARGETED_DEVICE_FAMILY = "1,2";
			};
			name = Debug;
		};
		0731129F238C600700593334 /* Release */ = {
			isa = XCBuildConfiguration;
			buildSettings = {
				ASSETCATALOG_COMPILER_APPICON_NAME = AppIcon;
				CODE_SIGN_STYLE = Automatic;
				DEVELOPMENT_TEAM = 6PXRX3FS7N;
				INFOPLIST_FILE = FinalProject/Info.plist;
				LD_RUNPATH_SEARCH_PATHS = (
					"$(inherited)",
					"@executable_path/Frameworks",
				);
				PRODUCT_BUNDLE_IDENTIFIER = School.FinalProject;
				PRODUCT_NAME = "$(TARGET_NAME)";
				SWIFT_VERSION = 5.0;
				TARGETED_DEVICE_FAMILY = "1,2";
			};
			name = Release;
		};
		073250AB23A0E3B0003AA4D3 /* Debug */ = {
			isa = XCBuildConfiguration;
			buildSettings = {
				CODE_SIGN_STYLE = Automatic;
				DEVELOPMENT_TEAM = 6PXRX3FS7N;
				INFOPLIST_FILE = FinalProjectTests/Info.plist;
				LD_RUNPATH_SEARCH_PATHS = (
					"$(inherited)",
					"@executable_path/Frameworks",
					"@loader_path/Frameworks",
				);
				PRODUCT_BUNDLE_IDENTIFIER = School.FinalProjectTests;
				PRODUCT_NAME = "$(TARGET_NAME)";
				SWIFT_VERSION = 5.0;
				TARGETED_DEVICE_FAMILY = "1,2";
			};
			name = Debug;
		};
		073250AC23A0E3B0003AA4D3 /* Release */ = {
			isa = XCBuildConfiguration;
			buildSettings = {
				CODE_SIGN_STYLE = Automatic;
				DEVELOPMENT_TEAM = 6PXRX3FS7N;
				INFOPLIST_FILE = FinalProjectTests/Info.plist;
				LD_RUNPATH_SEARCH_PATHS = (
					"$(inherited)",
					"@executable_path/Frameworks",
					"@loader_path/Frameworks",
				);
				PRODUCT_BUNDLE_IDENTIFIER = School.FinalProjectTests;
				PRODUCT_NAME = "$(TARGET_NAME)";
				SWIFT_VERSION = 5.0;
				TARGETED_DEVICE_FAMILY = "1,2";
			};
			name = Release;
		};
/* End XCBuildConfiguration section */

/* Begin XCConfigurationList section */
		07311286238C600400593334 /* Build configuration list for PBXProject "FinalProject" */ = {
			isa = XCConfigurationList;
			buildConfigurations = (
				0731129B238C600700593334 /* Debug */,
				0731129C238C600700593334 /* Release */,
			);
			defaultConfigurationIsVisible = 0;
			defaultConfigurationName = Release;
		};
		0731129D238C600700593334 /* Build configuration list for PBXNativeTarget "FinalProject" */ = {
			isa = XCConfigurationList;
			buildConfigurations = (
				0731129E238C600700593334 /* Debug */,
				0731129F238C600700593334 /* Release */,
			);
			defaultConfigurationIsVisible = 0;
			defaultConfigurationName = Release;
		};
		073250AA23A0E3B0003AA4D3 /* Build configuration list for PBXNativeTarget "FinalProjectTests" */ = {
			isa = XCConfigurationList;
			buildConfigurations = (
				073250AB23A0E3B0003AA4D3 /* Debug */,
				073250AC23A0E3B0003AA4D3 /* Release */,
			);
			defaultConfigurationIsVisible = 0;
			defaultConfigurationName = Release;
		};
/* End XCConfigurationList section */

/* Begin XCVersionGroup section */
		073DAC64239A869A00E053B6 /* CardCollection.xcdatamodeld */ = {
			isa = XCVersionGroup;
			children = (
				073DAC65239A869A00E053B6 /* FPCardCollection.xcdatamodel */,
			);
			currentVersion = 073DAC65239A869A00E053B6 /* FPCardCollection.xcdatamodel */;
			path = CardCollection.xcdatamodeld;
			sourceTree = "<group>";
			versionGroupType = wrapper.xcdatamodel;
		};
		073DAC6D239ACDF400E053B6 /* CollectionNames.xcdatamodeld */ = {
			isa = XCVersionGroup;
			children = (
				073DAC6E239ACDF400E053B6 /* FPCollectionNames.xcdatamodel */,
			);
			currentVersion = 073DAC6E239ACDF400E053B6 /* FPCollectionNames.xcdatamodel */;
			path = CollectionNames.xcdatamodeld;
			sourceTree = "<group>";
			versionGroupType = wrapper.xcdatamodel;
		};
/* End XCVersionGroup section */
	};
	rootObject = 07311283238C600400593334 /* Project object */;
}
